{
	"name": "@adrian.insua/ngredux-store",
	"version": "2.0.0",
	"lockfileVersion": 3,
	"requires": true,
	"packages": {
		"": {
			"name": "@adrian.insua/ngredux-store",
			"version": "2.0.0",
			"license": "MIT",
			"devDependencies": {
				"redux-devtools-extension": "2.13.7"
			},
			"engines": {
				"node": ">=18"
			},
			"peerDependencies": {
				"@angular/core": ">=12.0.0",
				"redux": "^4.0.0",
				"rxjs": "^7.3.0"
			}
		},
		"node_modules/redux-devtools-extension": {
			"version": "2.13.7",
			"resolved": "https://registry.npmjs.org/redux-devtools-extension/-/redux-devtools-extension-2.13.7.tgz",
			"integrity": "sha512-F2GlWMWxCTJGRjJ+GSZcGDcVAj6Pbf77FKb4C9S8eni5Eah6UBGNwxNj8K1MTtmItdZH1Wx+EvIifHN2KKcQrw==",
			"deprecated": "Package moved to @redux-devtools/extension.",
			"dev": true,
			"license": "MIT",
			"peerDependencies": {
				"redux": "^3.1.0 || ^4.0.0"
			}
		}
	}
}
