{
	"name": "@adrian.insua/ngredux-form",
	"version": "2.0.0",
	"lockfileVersion": 3,
	"requires": true,
	"packages": {
		"": {
			"name": "@adrian.insua/ngredux-form",
			"version": "2.0.0",
			"license": "MIT",
			"dependencies": {
				"immutable": "^4.0.0-rc.12"
			},
			"engines": {
				"node": ">=18"
			},
			"peerDependencies": {
				"@adrian.insua/ngredux-store": "*",
				"@angular/core": ">=12.0.0",
				"@angular/forms": ">=12.0.0",
				"redux": "^4.0.0",
				"rxjs": "^7.3.0"
			}
		},
		"node_modules/immutable": {
			"version": "4.0.0-rc.15",
			"resolved": "https://registry.npmjs.org/immutable/-/immutable-4.0.0-rc.15.tgz",
			"integrity": "sha512-v8+A3sNyaieoP9dHegl3tEYnIZa7vqNiSv0U6D7YddiZi34VjKy4GsIxrRHj2d8+CS3MeiVja5QyNe4JO/aEXA==",
			"license": "MIT"
		}
	}
}
